
Microsoft Visual Studio Solution File, Format Version 12.00
# Visual Studio Version 16
VisualStudioVersion = 16.0.30114.105
MinimumVisualStudioVersion = 10.0.40219.1
Project("{2150E333-8FDC-42A3-9474-1A3956D46DE8}") = "src", "src", "{ABE97F6D-B727-4642-9BDF-6C010C31DCA4}"
EndProject
Project("{FAE04EC0-301F-11D3-BF4B-00C04F79EFBC}") = "voorhees", "src\voorhees\voorhees.csproj", "{A472BAFE-9AD6-429F-893C-F6E2551B3CB1}"
EndProject
Project("{FAE04EC0-301F-11D3-BF4B-00C04F79EFBC}") = "voorhees.tests", "test\voorhees.tests.csproj", "{87A03AFD-70B1-4D78-8F5E-8F32298CEE11}"
EndProject
Project("{FAE04EC0-301F-11D3-BF4B-00C04F79EFBC}") = "bench", "bench\bench.csproj", "{1990DD98-4E83-4AAB-AB0D-41E92D68892D}"
EndProject
Global
	GlobalSection(SolutionConfigurationPlatforms) = preSolution
		Debug|Any CPU = Debug|Any CPU
		Release|Any CPU = Release|Any CPU
	EndGlobalSection
	GlobalSection(SolutionProperties) = preSolution
		HideSolutionNode = FALSE
	EndGlobalSection
	GlobalSection(ProjectConfigurationPlatforms) = postSolution
		{A472BAFE-9AD6-429F-893C-F6E2551B3CB1}.Debug|Any CPU.ActiveCfg = Debug|Any CPU
		{A472BAFE-9AD6-429F-893C-F6E2551B3CB1}.Debug|Any CPU.Build.0 = Debug|Any CPU
		{A472BAFE-9AD6-429F-893C-F6E2551B3CB1}.Release|Any CPU.ActiveCfg = Release|Any CPU
		{A472BAFE-9AD6-429F-893C-F6E2551B3CB1}.Release|Any CPU.Build.0 = Release|Any CPU
		{87A03AFD-70B1-4D78-8F5E-8F32298CEE11}.Debug|Any CPU.ActiveCfg = Debug|Any CPU
		{87A03AFD-70B1-4D78-8F5E-8F32298CEE11}.Debug|Any CPU.Build.0 = Debug|Any CPU
		{87A03AFD-70B1-4D78-8F5E-8F32298CEE11}.Release|Any CPU.ActiveCfg = Release|Any CPU
		{87A03AFD-70B1-4D78-8F5E-8F32298CEE11}.Release|Any CPU.Build.0 = Release|Any CPU
		{1990DD98-4E83-4AAB-AB0D-41E92D68892D}.Debug|Any CPU.ActiveCfg = Debug|Any CPU
		{1990DD98-4E83-4AAB-AB0D-41E92D68892D}.Debug|Any CPU.Build.0 = Debug|Any CPU
		{1990DD98-4E83-4AAB-AB0D-41E92D68892D}.Release|Any CPU.ActiveCfg = Release|Any CPU
		{1990DD98-4E83-4AAB-AB0D-41E92D68892D}.Release|Any CPU.Build.0 = Release|Any CPU
	EndGlobalSection
	GlobalSection(NestedProjects) = preSolution
		{A472BAFE-9AD6-429F-893C-F6E2551B3CB1} = {ABE97F6D-B727-4642-9BDF-6C010C31DCA4}
	EndGlobalSection
EndGlobal
